<?xml version="1.0" encoding="utf-8"?>
<Project ToolsVersion="4.0" xmlns="http://schemas.microsoft.com/developer/msbuild/2003">
  <ItemGroup>
    <ClCompile Include="..\Source\Object.cpp">
      <Filter>00.Object</Filter>
    </ClCompile>
    <ClCompile Include="..\Source\CoreSystem.cpp">
      <Filter>01.System\00.Core\00.System</Filter>
    </ClCompile>
    <ClCompile Include="..\Source\Core.cpp">
      <Filter>01.System\00.Core\01.Interface</Filter>
    </ClCompile>
    <ClCompile Include="..\Source\Graphic.cpp">
      <Filter>01.System\01.Graphic\01.Interface</Filter>
    </ClCompile>
    <ClCompile Include="..\Source\GraphicSystem.cpp">
      <Filter>01.System\01.Graphic\00.System</Filter>
    </ClCompile>
    <ClCompile Include="..\Source\InputSystem.cpp">
      <Filter>01.System\02.Input\00.System</Filter>
    </ClCompile>
    <ClCompile Include="..\Source\Input.cpp">
      <Filter>01.System\02.Input\01.Interface</Filter>
    </ClCompile>
    <ClCompile Include="..\Source\Resources.cpp">
      <Filter>01.System\03.Resource\01.Interface</Filter>
    </ClCompile>
    <ClCompile Include="..\Source\ResourceSystem.cpp">
      <Filter>01.System\03.Resource\00.System</Filter>
    </ClCompile>
    <ClCompile Include="..\Source\SceneSystem.cpp">
      <Filter>01.System\04.Scene\00.System</Filter>
    </ClCompile>
    <ClCompile Include="..\Source\SceneManager.cpp">
      <Filter>01.System\04.Scene\01.Interface</Filter>
    </ClCompile>
    <ClCompile Include="..\Source\TimeSystem.cpp">
      <Filter>01.System\05.Time\00.System</Filter>
    </ClCompile>
    <ClCompile Include="..\Source\Timer.cpp">
      <Filter>01.System\05.Time\01.Interface</Filter>
    </ClCompile>
    <ClCompile Include="..\Source\Renderer.cpp">
      <Filter>01.System\06.Render</Filter>
    </ClCompile>
    <ClCompile Include="..\Source\RenderInformation.cpp">
      <Filter>01.System\06.Render</Filter>
    </ClCompile>
    <ClCompile Include="..\Source\RenderInterface.cpp">
      <Filter>01.System\06.Render</Filter>
    </ClCompile>
    <ClCompile Include="..\Source\RenderTarget.cpp">
      <Filter>01.System\06.Render</Filter>
    </ClCompile>
    <ClCompile Include="..\Source\RenderTargetSystem.cpp">
      <Filter>01.System\06.Render</Filter>
    </ClCompile>
    <ClCompile Include="..\Source\imgui\imgui.cpp">
      <Filter>05.ImGUI</Filter>
    </ClCompile>
    <ClCompile Include="..\Source\imgui\imgui_demo.cpp">
      <Filter>05.ImGUI</Filter>
    </ClCompile>
    <ClCompile Include="..\Source\imgui\imgui_draw.cpp">
      <Filter>05.ImGUI</Filter>
    </ClCompile>
    <ClCompile Include="..\Source\imgui\imgui_impl_dx9.cpp">
      <Filter>05.ImGUI</Filter>
    </ClCompile>
    <ClCompile Include="..\Source\imgui\imgui_impl_win32.cpp">
      <Filter>05.ImGUI</Filter>
    </ClCompile>
    <ClCompile Include="..\Source\imgui\imgui_tables.cpp">
      <Filter>05.ImGUI</Filter>
    </ClCompile>
    <ClCompile Include="..\Source\imgui\imgui_widgets.cpp">
      <Filter>05.ImGUI</Filter>
    </ClCompile>
    <ClCompile Include="..\Source\Node.cpp">
      <Filter>02.Resource</Filter>
    </ClCompile>
    <ClCompile Include="..\Source\Resource.cpp">
      <Filter>02.Resource\00.Base</Filter>
    </ClCompile>
    <ClCompile Include="..\Source\Texture.cpp">
      <Filter>02.Resource\01.Texture</Filter>
    </ClCompile>
    <ClCompile Include="..\Source\Mesh.cpp">
      <Filter>02.Resource\02.Mesh\00.Base</Filter>
    </ClCompile>
    <ClCompile Include="..\Source\Subset.cpp">
      <Filter>02.Resource\02.Mesh\01.Subset</Filter>
    </ClCompile>
    <ClCompile Include="..\Source\StaticMesh.cpp">
      <Filter>02.Resource\02.Mesh\02.StaticMesh</Filter>
    </ClCompile>
    <ClCompile Include="..\Source\Shader.cpp">
      <Filter>02.Resource\03.Shader</Filter>
    </ClCompile>
    <ClCompile Include="..\Source\AnimationBlendInfo.cpp">
      <Filter>02.Resource\02.Mesh\03.SkeletonMesh\01.Animation</Filter>
    </ClCompile>
    <ClCompile Include="..\Source\AnimationInformation.cpp">
      <Filter>02.Resource\02.Mesh\03.SkeletonMesh\01.Animation</Filter>
    </ClCompile>
    <ClCompile Include="..\Source\AnimationTrack.cpp">
      <Filter>02.Resource\02.Mesh\03.SkeletonMesh\01.Animation</Filter>
    </ClCompile>
    <ClCompile Include="..\Source\AnimNotify.cpp">
      <Filter>02.Resource\02.Mesh\03.SkeletonMesh\01.Animation</Filter>
    </ClCompile>
    <ClCompile Include="..\Source\Frustum.cpp">
      <Filter>98.UnLabeld</Filter>
    </ClCompile>
    <ClCompile Include="..\Source\ShaderTester.cpp">
      <Filter>98.UnLabeld</Filter>
    </ClCompile>
    <ClCompile Include="..\Source\Component.cpp">
      <Filter>03.Utility\00.Component\00.Base</Filter>
    </ClCompile>
    <ClCompile Include="..\Source\Transform.cpp">
      <Filter>03.Utility\00.Component\01.Transform</Filter>
    </ClCompile>
    <ClCompile Include="..\Source\GameObject.cpp">
      <Filter>03.Utility\01.GameObject</Filter>
    </ClCompile>
    <ClCompile Include="..\Source\Scene.cpp">
      <Filter>03.Utility\02.Scene</Filter>
    </ClCompile>
    <ClCompile Include="..\Source\CollisionCallback.cpp">
      <Filter>01.System\07.Physics\02.CollisionCallback</Filter>
    </ClCompile>
    <ClCompile Include="..\Source\PhysicsSystem.cpp">
      <Filter>01.System\07.Physics\00.System</Filter>
    </ClCompile>
    <ClCompile Include="..\Source\Collider.cpp">
      <Filter>03.Utility\00.Component\02.Collider\00.Base</Filter>
    </ClCompile>
    <ClCompile Include="..\Source\Physics.cpp">
      <Filter>01.System\07.Physics\01.Interface</Filter>
    </ClCompile>
    <ClCompile Include="..\Source\SkeletonMesh.cpp">
      <Filter>02.Resource\02.Mesh\03.SkeletonMesh\00.Base</Filter>
    </ClCompile>
    <ClCompile Include="..\Source\_3Dmath.cpp">
      <Filter>06.Render</Filter>
    </ClCompile>
    <ClCompile Include="..\Source\basiccamera.cpp">
      <Filter>06.Render</Filter>
    </ClCompile>
    <ClCompile Include="..\Source\Color.cpp">
      <Filter>06.Render</Filter>
    </ClCompile>
    <ClCompile Include="..\Source\FLight.cpp">
      <Filter>06.Render</Filter>
    </ClCompile>
    <ClCompile Include="..\Source\Quad.cpp">
      <Filter>06.Render</Filter>
    </ClCompile>
    <ClCompile Include="..\Source\CapsuleCollider.cpp">
      <Filter>03.Utility\00.Component</Filter>
    </ClCompile>
    <ClCompile Include="..\Source\MeshCollider.cpp">
      <Filter>03.Utility\00.Component</Filter>
    </ClCompile>
    <ClCompile Include="..\Source\SphereCollider.cpp">
      <Filter>03.Utility\00.Component</Filter>
    </ClCompile>
    <ClCompile Include="..\Source\BoxCollider.cpp">
      <Filter>03.Utility\00.Component</Filter>
    </ClCompile>
    <ClCompile Include="..\Source\FileHelper.cpp">
      <Filter>98.UnLabeld</Filter>
    </ClCompile>
    <ClCompile Include="..\Source\DxHelper.cpp">
      <Filter>06.Render</Filter>
    </ClCompile>
    <ClCompile Include="..\Source\SoundSystem.cpp">
      <Filter>07.Sound</Filter>
    </ClCompile>
    <ClCompile Include="..\Source\ParticleSystem.cpp">
      <Filter>06.Render</Filter>
    </ClCompile>
  </ItemGroup>
  <ItemGroup>
    <ClInclude Include="..\Header\Object.h">
      <Filter>00.Object</Filter>
    </ClInclude>
    <ClInclude Include="..\Header\EngineTypedef.h">
      <Filter>99.Default</Filter>
    </ClInclude>
    <ClInclude Include="..\Header\EngineDefine.h">
      <Filter>99.Default</Filter>
    </ClInclude>
    <ClInclude Include="..\Header\EngineEnum.h">
      <Filter>99.Default</Filter>
    </ClInclude>
    <ClInclude Include="..\Header\EngineExtern.h">
      <Filter>99.Default</Filter>
    </ClInclude>
    <ClInclude Include="..\Header\EngineFunction.h">
      <Filter>99.Default</Filter>
    </ClInclude>
    <ClInclude Include="..\Header\EngineStdafx.h">
      <Filter>99.Default</Filter>
    </ClInclude>
    <ClInclude Include="..\Header\EngineStruct.h">
      <Filter>99.Default</Filter>
    </ClInclude>
    <ClInclude Include="..\Header\Engine.h">
      <Filter>99.Default</Filter>
    </ClInclude>
    <ClInclude Include="..\Header\CoreSystem.h">
      <Filter>01.System\00.Core\00.System</Filter>
    </ClInclude>
    <ClInclude Include="..\Header\Core.h">
      <Filter>01.System\00.Core\01.Interface</Filter>
    </ClInclude>
    <ClInclude Include="..\Header\Graphic.h">
      <Filter>01.System\01.Graphic\01.Interface</Filter>
    </ClInclude>
    <ClInclude Include="..\Header\GraphicSystem.h">
      <Filter>01.System\01.Graphic\00.System</Filter>
    </ClInclude>
    <ClInclude Include="..\Header\InputSystem.h">
      <Filter>01.System\02.Input\00.System</Filter>
    </ClInclude>
    <ClInclude Include="..\Header\Input.h">
      <Filter>01.System\02.Input\01.Interface</Filter>
    </ClInclude>
    <ClInclude Include="..\Header\Resources.hpp">
      <Filter>01.System\03.Resource\01.Interface</Filter>
    </ClInclude>
    <ClInclude Include="..\Header\Resources.h">
      <Filter>01.System\03.Resource\01.Interface</Filter>
    </ClInclude>
    <ClInclude Include="..\Header\ResourceSystem.hpp">
      <Filter>01.System\03.Resource\00.System</Filter>
    </ClInclude>
    <ClInclude Include="..\Header\ResourceSystem.h">
      <Filter>01.System\03.Resource\00.System</Filter>
    </ClInclude>
    <ClInclude Include="..\Header\SceneSystem.h">
      <Filter>01.System\04.Scene\00.System</Filter>
    </ClInclude>
    <ClInclude Include="..\Header\SceneManager.h">
      <Filter>01.System\04.Scene\01.Interface</Filter>
    </ClInclude>
    <ClInclude Include="..\Header\TimeSystem.h">
      <Filter>01.System\05.Time\00.System</Filter>
    </ClInclude>
    <ClInclude Include="..\Header\Timer.h">
      <Filter>01.System\05.Time\01.Interface</Filter>
    </ClInclude>
    <ClInclude Include="..\Header\RenderTargetSystem.h">
      <Filter>01.System\06.Render</Filter>
    </ClInclude>
    <ClInclude Include="..\Header\Renderer.h">
      <Filter>01.System\06.Render</Filter>
    </ClInclude>
    <ClInclude Include="..\Header\RenderInformation.h">
      <Filter>01.System\06.Render</Filter>
    </ClInclude>
    <ClInclude Include="..\Header\RenderInterface.h">
      <Filter>01.System\06.Render</Filter>
    </ClInclude>
    <ClInclude Include="..\Header\RenderProperty.h">
      <Filter>01.System\06.Render</Filter>
    </ClInclude>
    <ClInclude Include="..\Header\RenderTarget.h">
      <Filter>01.System\06.Render</Filter>
    </ClInclude>
    <ClInclude Include="..\..\Reference\Header\imgui\imconfig.h">
      <Filter>05.ImGUI</Filter>
    </ClInclude>
    <ClInclude Include="..\..\Reference\Header\imgui\imgui.h">
      <Filter>05.ImGUI</Filter>
    </ClInclude>
    <ClInclude Include="..\..\Reference\Header\imgui\imgui_impl_dx9.h">
      <Filter>05.ImGUI</Filter>
    </ClInclude>
    <ClInclude Include="..\..\Reference\Header\imgui\imgui_impl_win32.h">
      <Filter>05.ImGUI</Filter>
    </ClInclude>
    <ClInclude Include="..\..\Reference\Header\imgui\imgui_internal.h">
      <Filter>05.ImGUI</Filter>
    </ClInclude>
    <ClInclude Include="..\..\Reference\Header\imgui\imstb_rectpack.h">
      <Filter>05.ImGUI</Filter>
    </ClInclude>
    <ClInclude Include="..\..\Reference\Header\imgui\imstb_textedit.h">
      <Filter>05.ImGUI</Filter>
    </ClInclude>
    <ClInclude Include="..\..\Reference\Header\imgui\imstb_truetype.h">
      <Filter>05.ImGUI</Filter>
    </ClInclude>
    <ClInclude Include="..\Header\Node.h">
      <Filter>02.Resource</Filter>
    </ClInclude>
    <ClInclude Include="..\Header\Resource.h">
      <Filter>02.Resource\00.Base</Filter>
    </ClInclude>
    <ClInclude Include="..\Header\Texture.h">
      <Filter>02.Resource\01.Texture</Filter>
    </ClInclude>
    <ClInclude Include="..\Header\Mesh.h">
      <Filter>02.Resource\02.Mesh\00.Base</Filter>
    </ClInclude>
    <ClInclude Include="..\Header\Subset.h">
      <Filter>02.Resource\02.Mesh\01.Subset</Filter>
    </ClInclude>
    <ClInclude Include="..\Header\StaticMesh.h">
      <Filter>02.Resource\02.Mesh\02.StaticMesh</Filter>
    </ClInclude>
    <ClInclude Include="..\Header\Shader.h">
      <Filter>02.Resource\03.Shader</Filter>
    </ClInclude>
    <ClInclude Include="..\Header\AnimNotify.h">
      <Filter>02.Resource\02.Mesh\03.SkeletonMesh\01.Animation</Filter>
    </ClInclude>
    <ClInclude Include="..\Header\AnimationBlendInfo.h">
      <Filter>02.Resource\02.Mesh\03.SkeletonMesh\01.Animation</Filter>
    </ClInclude>
    <ClInclude Include="..\Header\AnimationInformation.h">
      <Filter>02.Resource\02.Mesh\03.SkeletonMesh\01.Animation</Filter>
    </ClInclude>
    <ClInclude Include="..\Header\AnimationTrack.h">
      <Filter>02.Resource\02.Mesh\03.SkeletonMesh\01.Animation</Filter>
    </ClInclude>
    <ClInclude Include="..\Header\Vertexs.h">
      <Filter>98.UnLabeld</Filter>
    </ClInclude>
    <ClInclude Include="..\Header\AssimpHelper.hpp">
      <Filter>98.UnLabeld</Filter>
    </ClInclude>
    <ClInclude Include="..\Header\FMath.hpp">
      <Filter>98.UnLabeld</Filter>
    </ClInclude>
    <ClInclude Include="..\Header\Frustum.h">
      <Filter>98.UnLabeld</Filter>
    </ClInclude>
    <ClInclude Include="..\Header\IconsFontAwesome5.h">
      <Filter>98.UnLabeld</Filter>
    </ClInclude>
    <ClInclude Include="..\Header\MathStruct.hpp">
      <Filter>98.UnLabeld</Filter>
    </ClInclude>
    <ClInclude Include="..\Header\ShaderTester.h">
      <Filter>98.UnLabeld</Filter>
    </ClInclude>
    <ClInclude Include="..\Header\TextureType.h">
      <Filter>98.UnLabeld</Filter>
    </ClInclude>
    <ClInclude Include="..\Header\Component.h">
      <Filter>03.Utility\00.Component\00.Base</Filter>
    </ClInclude>
    <ClInclude Include="..\Header\Transform.h">
      <Filter>03.Utility\00.Component\01.Transform</Filter>
    </ClInclude>
    <ClInclude Include="..\Header\GameObject.hpp">
      <Filter>03.Utility\01.GameObject</Filter>
    </ClInclude>
    <ClInclude Include="..\Header\GameObject.h">
      <Filter>03.Utility\01.GameObject</Filter>
    </ClInclude>
    <ClInclude Include="..\Header\Scene.hpp">
      <Filter>03.Utility\02.Scene</Filter>
    </ClInclude>
    <ClInclude Include="..\Header\Scene.h">
      <Filter>03.Utility\02.Scene</Filter>
    </ClInclude>
    <ClInclude Include="..\Header\CollisionCallback.h">
      <Filter>01.System\07.Physics\02.CollisionCallback</Filter>
    </ClInclude>
    <ClInclude Include="..\Header\PhysicsSystem.h">
      <Filter>01.System\07.Physics\00.System</Filter>
    </ClInclude>
    <ClInclude Include="..\Header\Collider.h">
      <Filter>03.Utility\00.Component\02.Collider\00.Base</Filter>
    </ClInclude>
    <ClInclude Include="..\Header\Physics.h">
      <Filter>01.System\07.Physics\01.Interface</Filter>
    </ClInclude>
    <ClInclude Include="..\Header\SkeletonMesh.h">
      <Filter>02.Resource\02.Mesh\03.SkeletonMesh\00.Base</Filter>
    </ClInclude>
    <ClInclude Include="..\Header\_3Dmath.h">
      <Filter>06.Render</Filter>
    </ClInclude>
    <ClInclude Include="..\Header\basiccamera.h">
      <Filter>06.Render</Filter>
    </ClInclude>
    <ClInclude Include="..\Header\Color.h">
      <Filter>06.Render</Filter>
    </ClInclude>
    <ClInclude Include="..\Header\DxHelper.h">
      <Filter>06.Render</Filter>
    </ClInclude>
    <ClInclude Include="..\Header\FLight.h">
      <Filter>06.Render</Filter>
    </ClInclude>
    <ClInclude Include="..\Header\Quad.h">
      <Filter>06.Render</Filter>
    </ClInclude>
    <ClInclude Include="..\..\Resource\Shader\ForwardAlphaBlend.hlsl">
      <Filter>04.HLSL\Common</Filter>
    </ClInclude>
    <ClInclude Include="..\..\Resource\Shader\ForwardAlphaBlendSK.hlsl">
      <Filter>04.HLSL\Common</Filter>
    </ClInclude>
    <ClInclude Include="..\..\Resource\Shader\GBuffer.hlsl">
      <Filter>04.HLSL\Common</Filter>
    </ClInclude>
    <ClInclude Include="..\..\Resource\Shader\ScreenQuad.hlsl">
      <Filter>04.HLSL\Common</Filter>
    </ClInclude>
    <ClInclude Include="..\Header\SphereCollider.h">
      <Filter>03.Utility\00.Component</Filter>
    </ClInclude>
    <ClInclude Include="..\Header\CapsuleCollider.h">
      <Filter>03.Utility\00.Component</Filter>
    </ClInclude>
    <ClInclude Include="..\Header\MeshCollider.h">
      <Filter>03.Utility\00.Component</Filter>
    </ClInclude>
    <ClInclude Include="..\Header\BoxCollider.h">
      <Filter>03.Utility\00.Component</Filter>
    </ClInclude>
    <ClInclude Include="..\Header\FileHelper.h">
      <Filter>98.UnLabeld</Filter>
    </ClInclude>
    <ClInclude Include="..\Header\SoundSystem.h">
      <Filter>07.Sound</Filter>
    </ClInclude>
    <ClInclude Include="..\Header\ParticleInstanceDesc.hpp">
      <Filter>06.Render</Filter>
    </ClInclude>
    <ClInclude Include="..\Header\ParticleSystem.h">
      <Filter>06.Render</Filter>
    </ClInclude>
  </ItemGroup>
  <ItemGroup>
    <Filter Include="00.Object">
      <UniqueIdentifier>{1f79362b-7a71-4114-b84c-fddbf60b73c5}</UniqueIdentifier>
    </Filter>
    <Filter Include="01.System">
      <UniqueIdentifier>{07cd3734-361d-44de-be2a-379bf8abe011}</UniqueIdentifier>
    </Filter>
    <Filter Include="01.System\00.Core">
      <UniqueIdentifier>{7bd14454-7152-491c-8fc4-9b0308bbfc11}</UniqueIdentifier>
    </Filter>
    <Filter Include="01.System\01.Graphic">
      <UniqueIdentifier>{2cfac129-36cd-40aa-9cf8-0c0fe77be63f}</UniqueIdentifier>
    </Filter>
    <Filter Include="01.System\02.Input">
      <UniqueIdentifier>{c03a6f32-bd84-45c4-80ea-97fb031605e3}</UniqueIdentifier>
    </Filter>
    <Filter Include="01.System\04.Scene">
      <UniqueIdentifier>{027dc93c-00b8-4acf-afab-94d4642df9b8}</UniqueIdentifier>
    </Filter>
    <Filter Include="01.System\03.Resource">
      <UniqueIdentifier>{7a397c26-6346-4432-a424-79ae694fc432}</UniqueIdentifier>
    </Filter>
    <Filter Include="01.System\05.Time">
      <UniqueIdentifier>{4bbe44ab-d545-4b2f-a86e-96d60a192a87}</UniqueIdentifier>
    </Filter>
    <Filter Include="01.System\06.Render">
      <UniqueIdentifier>{66e4a829-0def-4a47-872e-e3e4244000eb}</UniqueIdentifier>
    </Filter>
    <Filter Include="01.System\07.Physics">
      <UniqueIdentifier>{60211d1b-addc-4a6f-a66d-b59a0863f0ed}</UniqueIdentifier>
    </Filter>
    <Filter Include="01.System\00.Core\00.System">
      <UniqueIdentifier>{68ed3941-44b6-4d2b-97fd-03e837112aa5}</UniqueIdentifier>
    </Filter>
    <Filter Include="01.System\00.Core\01.Interface">
      <UniqueIdentifier>{931fcc8e-768a-416d-8edb-9867debea618}</UniqueIdentifier>
    </Filter>
    <Filter Include="01.System\01.Graphic\00.System">
      <UniqueIdentifier>{bd3de54d-2dd8-496a-a15a-b86630d1905a}</UniqueIdentifier>
    </Filter>
    <Filter Include="01.System\01.Graphic\01.Interface">
      <UniqueIdentifier>{1c2c4063-e784-4212-a388-3bfd02b1199f}</UniqueIdentifier>
    </Filter>
    <Filter Include="01.System\02.Input\00.System">
      <UniqueIdentifier>{96b3fee4-8b72-43c2-bf76-81c852f98214}</UniqueIdentifier>
    </Filter>
    <Filter Include="01.System\02.Input\01.Interface">
      <UniqueIdentifier>{40df9aa0-118e-42ce-a0b8-5d95ea69c1ca}</UniqueIdentifier>
    </Filter>
    <Filter Include="01.System\03.Resource\00.System">
      <UniqueIdentifier>{3d0d3c92-c805-4345-bd25-0871e946a720}</UniqueIdentifier>
    </Filter>
    <Filter Include="01.System\03.Resource\01.Interface">
      <UniqueIdentifier>{6dc71518-dd9a-4645-9be5-6ab7829bd07e}</UniqueIdentifier>
    </Filter>
    <Filter Include="01.System\04.Scene\00.System">
      <UniqueIdentifier>{b5dc9108-e470-41f7-ab51-8ba79a527e46}</UniqueIdentifier>
    </Filter>
    <Filter Include="01.System\04.Scene\01.Interface">
      <UniqueIdentifier>{7f5ad876-1c21-4b77-b454-cd3c13275c5b}</UniqueIdentifier>
    </Filter>
    <Filter Include="01.System\05.Time\00.System">
      <UniqueIdentifier>{ad2d61a0-dd69-46e6-8814-cd0f7f98ea81}</UniqueIdentifier>
    </Filter>
    <Filter Include="01.System\05.Time\01.Interface">
      <UniqueIdentifier>{e74b673c-3d19-4579-bb83-c11d3435112a}</UniqueIdentifier>
    </Filter>
    <Filter Include="01.System\07.Physics\00.System">
      <UniqueIdentifier>{abc2e1eb-6df8-42c0-a03e-563f82fce863}</UniqueIdentifier>
    </Filter>
    <Filter Include="01.System\07.Physics\01.Interface">
      <UniqueIdentifier>{1ffcdc67-5be5-4fae-bc1c-1728329a9c36}</UniqueIdentifier>
    </Filter>
    <Filter Include="02.Resource">
      <UniqueIdentifier>{efd1442e-e8a8-4597-b92b-c4155b95f5f6}</UniqueIdentifier>
    </Filter>
    <Filter Include="04.HLSL">
      <UniqueIdentifier>{a6c3eac4-78d4-43a7-bde4-54e4e0e67839}</UniqueIdentifier>
    </Filter>
    <Filter Include="05.ImGUI">
      <UniqueIdentifier>{2bc72627-e712-4034-ab1c-c82162c44a6c}</UniqueIdentifier>
    </Filter>
    <Filter Include="02.Resource\00.Base">
      <UniqueIdentifier>{1faa734c-7fa2-4eb3-9f73-166858093644}</UniqueIdentifier>
    </Filter>
    <Filter Include="02.Resource\01.Texture">
      <UniqueIdentifier>{0a44ca93-10cd-4100-b2dd-afab90988287}</UniqueIdentifier>
    </Filter>
    <Filter Include="02.Resource\02.Mesh">
      <UniqueIdentifier>{0f9c2dc5-2829-445c-ab74-6a13ad2150d5}</UniqueIdentifier>
    </Filter>
    <Filter Include="02.Resource\02.Mesh\00.Base">
      <UniqueIdentifier>{a7b17180-a07c-49fa-b91e-37a7d1f1e141}</UniqueIdentifier>
    </Filter>
    <Filter Include="02.Resource\02.Mesh\01.Subset">
      <UniqueIdentifier>{fbe8a99c-fbc6-4326-b96c-19d6905eab38}</UniqueIdentifier>
    </Filter>
    <Filter Include="02.Resource\02.Mesh\02.StaticMesh">
      <UniqueIdentifier>{12ecf35a-f604-4b93-9b43-ebd384ec1dcc}</UniqueIdentifier>
    </Filter>
    <Filter Include="02.Resource\02.Mesh\03.SkeletonMesh">
      <UniqueIdentifier>{8c81a19d-4224-4392-94f2-a1eb62236f80}</UniqueIdentifier>
    </Filter>
    <Filter Include="02.Resource\03.Shader">
      <UniqueIdentifier>{452cc59f-9cac-42bf-b51f-132041299f68}</UniqueIdentifier>
    </Filter>
    <Filter Include="02.Resource\02.Mesh\03.SkeletonMesh\00.Base">
      <UniqueIdentifier>{173ebb63-ca20-433b-8f8c-24eece564388}</UniqueIdentifier>
    </Filter>
    <Filter Include="02.Resource\02.Mesh\03.SkeletonMesh\01.Animation">
      <UniqueIdentifier>{1630207b-d641-4ccd-afae-148fcfa5046d}</UniqueIdentifier>
    </Filter>
    <Filter Include="98.UnLabeld">
      <UniqueIdentifier>{c4690862-96c3-44f0-a7e7-c52297ea876f}</UniqueIdentifier>
    </Filter>
    <Filter Include="99.Default">
      <UniqueIdentifier>{4624d54c-f54e-46bb-ba06-0b4ad3fabade}</UniqueIdentifier>
    </Filter>
    <Filter Include="03.Utility">
      <UniqueIdentifier>{07780415-461f-4a64-abdf-22f0f6a59e39}</UniqueIdentifier>
    </Filter>
    <Filter Include="03.Utility\00.Component">
      <UniqueIdentifier>{ece6396c-3d5f-4d23-9665-1e0a4b6fe705}</UniqueIdentifier>
    </Filter>
    <Filter Include="03.Utility\00.Component\00.Base">
      <UniqueIdentifier>{cf8a14c6-6e66-4595-bb26-9be79f53099b}</UniqueIdentifier>
    </Filter>
    <Filter Include="03.Utility\00.Component\01.Transform">
      <UniqueIdentifier>{c353b0c0-edb8-4264-be56-afe516c6a487}</UniqueIdentifier>
    </Filter>
    <Filter Include="03.Utility\01.GameObject">
      <UniqueIdentifier>{1df28d75-acf1-4a2e-b0a7-9031dc71f241}</UniqueIdentifier>
    </Filter>
    <Filter Include="03.Utility\02.Scene">
      <UniqueIdentifier>{920c7be7-f30e-43f2-a30a-760245585a0b}</UniqueIdentifier>
    </Filter>
    <Filter Include="01.System\07.Physics\02.CollisionCallback">
      <UniqueIdentifier>{5dcf83d9-9ac2-458b-85f0-118f36734814}</UniqueIdentifier>
    </Filter>
    <Filter Include="03.Utility\00.Component\02.Collider">
      <UniqueIdentifier>{0857bfe1-e1a6-473e-97ac-1a72e6c736a2}</UniqueIdentifier>
    </Filter>
    <Filter Include="03.Utility\00.Component\02.Collider\00.Base">
      <UniqueIdentifier>{487dec92-39d2-4127-a291-3b9efb68dd2b}</UniqueIdentifier>
    </Filter>
    <Filter Include="06.Render">
      <UniqueIdentifier>{8324f102-1a0f-467a-bb69-3a12891ce453}</UniqueIdentifier>
    </Filter>
    <Filter Include="04.HLSL\Scene">
      <UniqueIdentifier>{748e9976-8f09-4e8e-8b48-882e5a60a58e}</UniqueIdentifier>
    </Filter>
    <Filter Include="04.HLSL\Common">
      <UniqueIdentifier>{df583113-5bdd-4bdb-840d-ad47ba152e9d}</UniqueIdentifier>
    </Filter>
    <Filter Include="04.HLSL\Common\GBuffer">
      <UniqueIdentifier>{ed4f4418-919e-4d06-81dc-61dcb9489c89}</UniqueIdentifier>
    </Filter>
    <Filter Include="04.HLSL\Common\Blur">
      <UniqueIdentifier>{8b4fb9cf-5c26-484c-bbaf-e408c65737ff}</UniqueIdentifier>
    </Filter>
    <Filter Include="04.HLSL\Common\Debug">
      <UniqueIdentifier>{0910d899-4839-4bba-9520-60be49d32132}</UniqueIdentifier>
    </Filter>
    <Filter Include="07.Sound">
      <UniqueIdentifier>{608146af-73d2-4fa3-a376-b6793f9845b3}</UniqueIdentifier>
    </Filter>
  </ItemGroup>
  <ItemGroup>
    <None Include="..\..\Resource\Shader\Blur.hlsl">
      <Filter>04.HLSL\Common</Filter>
    </None>
    <None Include="..\..\Resource\Shader\DeferredShading.hlsl">
      <Filter>04.HLSL\Common</Filter>
    </None>
    <None Include="..\..\Resource\Shader\RTDebug.hlsl">
      <Filter>04.HLSL\Common</Filter>
    </None>
    <None Include="..\..\Resource\Shader\Shadow.hlsl">
      <Filter>04.HLSL\Common</Filter>
    </None>
    <None Include="..\..\Resource\Shader\ShadowSK.hlsl">
      <Filter>04.HLSL\Common</Filter>
    </None>
    <None Include="..\..\Resource\Shader\ToneMap.hlsl">
      <Filter>04.HLSL\Common</Filter>
    </None>
    <None Include="..\..\Resource\Shader\Collider.hlsl">
      <Filter>04.HLSL\Common</Filter>
    </None>
    <None Include="..\..\Resource\Shader\Frustum.hlsl">
      <Filter>04.HLSL\Common</Filter>
    </None>
    <None Include="..\..\Resource\Shader\sky.hlsl">
      <Filter>04.HLSL\Common</Filter>
    </None>
    <None Include="..\..\Resource\Shader\skysphere.hlsl">
      <Filter>04.HLSL\Common</Filter>
    </None>
    <None Include="..\..\Resource\Shader\gbuffer_ds.hlsl">
      <Filter>04.HLSL\Common\GBuffer</Filter>
    </None>
    <None Include="..\..\Resource\Shader\gbuffer_dsSK.hlsl">
      <Filter>04.HLSL\Common\GBuffer</Filter>
    </None>
    <None Include="..\..\Resource\Shader\GBufferSK.hlsl">
      <Filter>04.HLSL\Common\GBuffer</Filter>
    </None>
    <None Include="..\..\Resource\Shader\Debug.hlsl">
      <Filter>04.HLSL\Common\Debug</Filter>
    </None>
    <None Include="..\..\Resource\Shader\DebugBone.hlsl">
      <Filter>04.HLSL\Common\Debug</Filter>
    </None>
    <None Include="..\..\Resource\Shader\DebugSK.hlsl">
      <Filter>04.HLSL\Common\Debug</Filter>
    </None>
    <None Include="..\..\Resource\Shader\InsulatorMetal.hlsl">
      <Filter>04.HLSL\Common</Filter>
    </None>
    <None Include="..\..\Resource\Shader\measureluminance.hlsl">
      <Filter>04.HLSL\Common</Filter>
    </None>
    <None Include="..\..\Resource\Shader\hdreffects.hlsl">
      <Filter>04.HLSL\Common</Filter>
    </None>
    <None Include="..\..\Resource\Shader\Emissive.hlsl">
      <Filter>04.HLSL\Common</Filter>
    </None>
    <None Include="..\..\Resource\Shader\Distortion.hlsl">
      <Filter>04.HLSL\Common</Filter>
    </None>
    <None Include="..\..\Resource\Shader\ColliderTrigger.hlsl">
      <Filter>04.HLSL</Filter>
    </None>
    <None Include="..\..\Resource\Shader\FadeOut.hlsl">
      <Filter>04.HLSL</Filter>
    </None>
    <None Include="..\..\Resource\Shader\VelocityBlur.hlsl">
      <Filter>04.HLSL</Filter>
    </None>
    <None Include="..\..\Resource\Shader\FadeEffect.hlsl">
      <Filter>04.HLSL</Filter>
    </None>
  </ItemGroup>
</Project>