<?xml version="1.0" encoding="utf-8"?>
<Project ToolsVersion="4.0" xmlns="http://schemas.microsoft.com/developer/msbuild/2003">
  <ItemGroup>
    <Filter Include="99.Default">
      <UniqueIdentifier>{c53dfd41-c3c6-496d-a413-f7a579b75683}</UniqueIdentifier>
    </Filter>
    <Filter Include="99.Default\00.Resource">
      <UniqueIdentifier>{bebf0d98-e4da-42ab-845a-b5c8f40aaa52}</UniqueIdentifier>
    </Filter>
    <Filter Include="99.Default\01.Source">
      <UniqueIdentifier>{584d9d6c-dc92-40fb-b437-99be66f74e1f}</UniqueIdentifier>
    </Filter>
    <Filter Include="00.WinMain">
      <UniqueIdentifier>{7080caee-35cd-432d-a6e0-82637e8a40a5}</UniqueIdentifier>
    </Filter>
    <Filter Include="01.Application">
      <UniqueIdentifier>{d8a72ce6-d198-451b-b4b8-c84e13142e42}</UniqueIdentifier>
    </Filter>
    <Filter Include="03.Scene">
      <UniqueIdentifier>{88dce967-1ec2-4dbf-9a3b-49a11a074ded}</UniqueIdentifier>
    </Filter>
    <Filter Include="02.GameObject">
      <UniqueIdentifier>{cfc05c54-1939-4717-855b-7d2228958651}</UniqueIdentifier>
    </Filter>
    <Filter Include="03.Scene\99.TestScene">
      <UniqueIdentifier>{d07990b6-de7f-4e8a-8a87-c4a89767acfc}</UniqueIdentifier>
    </Filter>
    <Filter Include="99.Default\02.Header">
      <UniqueIdentifier>{c0f00759-e8c5-4e2a-86ff-caad12de51fa}</UniqueIdentifier>
    </Filter>
    <Filter Include="02.GameObject\Test">
      <UniqueIdentifier>{1b9a4088-9bc4-4aa4-858f-9454e3cda42e}</UniqueIdentifier>
    </Filter>
    <Filter Include="02.GameObject\00.Camera">
      <UniqueIdentifier>{513c2145-8637-4661-bc26-c9f4620c842e}</UniqueIdentifier>
    </Filter>
    <Filter Include="02.GameObject\Effect">
      <UniqueIdentifier>{8e0c6ea8-0509-4c04-b553-c46c6c7ecfa3}</UniqueIdentifier>
    </Filter>
    <Filter Include="02.GameObject\UI">
      <UniqueIdentifier>{86694f81-3549-4ffa-aa75-f5f0df8b391e}</UniqueIdentifier>
    </Filter>
    <Filter Include="02.GameObject\UI\Font">
      <UniqueIdentifier>{34d058e5-58fd-45cc-ab01-30d5378d4b93}</UniqueIdentifier>
    </Filter>
    <Filter Include="02.GameObject\UI\BtlPanel">
      <UniqueIdentifier>{3f0a56b6-7842-4276-ab21-323f42bd0c53}</UniqueIdentifier>
    </Filter>
    <Filter Include="02.GameObject\Effect\Weapon">
      <UniqueIdentifier>{991dfce5-4d09-4c4f-a8fb-51ee90e5e080}</UniqueIdentifier>
    </Filter>
    <Filter Include="02.GameObject\Effect\Common">
      <UniqueIdentifier>{9d62ca16-6527-44a0-a433-1dd09ed55225}</UniqueIdentifier>
    </Filter>
    <Filter Include="02.GameObject\01.Unit">
      <UniqueIdentifier>{52ae7e1c-cbd1-423e-810c-366d18207adc}</UniqueIdentifier>
    </Filter>
    <Filter Include="02.GameObject\01.Unit\01.Player">
      <UniqueIdentifier>{b7363eb4-1fc1-4324-a86f-e497255c94b6}</UniqueIdentifier>
    </Filter>
    <Filter Include="02.GameObject\01.Unit\01.Player\99.FSM">
      <UniqueIdentifier>{852ebfda-e0e0-4346-9151-dd211ef8a27d}</UniqueIdentifier>
    </Filter>
    <Filter Include="02.GameObject\01.Unit\01.Player\99.FSM\Base">
      <UniqueIdentifier>{15f8b3f9-2765-4b63-b72a-869738b4b02a}</UniqueIdentifier>
    </Filter>
    <Filter Include="02.GameObject\01.Unit\01.Player\00.Nero">
      <UniqueIdentifier>{c9f06450-8f17-4944-8440-e6af2781e577}</UniqueIdentifier>
    </Filter>
    <Filter Include="02.GameObject\01.Unit\01.Player\01.Wings">
      <UniqueIdentifier>{e0ef4e9f-5990-48ae-92cc-5e0953b76892}</UniqueIdentifier>
    </Filter>
    <Filter Include="02.GameObject\01.Unit\01.Player\01.Wings\Left">
      <UniqueIdentifier>{59681111-42d2-474e-8887-3c67eb6f729f}</UniqueIdentifier>
    </Filter>
    <Filter Include="02.GameObject\01.Unit\01.Player\01.Wings\Right">
      <UniqueIdentifier>{a33dc892-996d-4c2a-b6f6-c09f788f47d6}</UniqueIdentifier>
    </Filter>
    <Filter Include="02.GameObject\01.Unit\01.Player\02.WingArms">
      <UniqueIdentifier>{ee8617a9-b168-4263-9481-aa9849176e05}</UniqueIdentifier>
    </Filter>
    <Filter Include="02.GameObject\01.Unit\01.Player\02.WingArms\Left">
      <UniqueIdentifier>{988bd98c-488a-4bd6-a532-180cd4f1a240}</UniqueIdentifier>
    </Filter>
    <Filter Include="02.GameObject\01.Unit\01.Player\02.WingArms\Right">
      <UniqueIdentifier>{5ec004df-6b43-41d1-bdb4-19e78e140b4b}</UniqueIdentifier>
    </Filter>
    <Filter Include="02.GameObject\01.Unit\01.Player\03.WireArm">
      <UniqueIdentifier>{4336ce13-5bfc-4fd1-9380-472fb3dc6101}</UniqueIdentifier>
    </Filter>
    <Filter Include="02.GameObject\01.Unit\01.Player\04.BusterArm">
      <UniqueIdentifier>{f6655978-2cba-41eb-9056-4c6723a822f2}</UniqueIdentifier>
    </Filter>
    <Filter Include="02.GameObject\01.Unit\01.Player\05.RedQueen">
      <UniqueIdentifier>{5767b3ff-9fa6-489b-8220-382182d063be}</UniqueIdentifier>
    </Filter>
    <Filter Include="02.GameObject\01.Unit\01.Player\06.Cerberos">
      <UniqueIdentifier>{70a95da0-60ff-4e24-9225-dea25a40b51e}</UniqueIdentifier>
    </Filter>
    <Filter Include="02.GameObject\01.Unit\01.Player\07.Gauntlet">
      <UniqueIdentifier>{6ddb0457-1fa9-42f2-a86b-a47cbdae08f9}</UniqueIdentifier>
    </Filter>
    <Filter Include="02.GameObject\01.Unit\01.Player\07.Gauntlet\00.GT_Overture">
      <UniqueIdentifier>{5cc48929-b50c-4e6f-89c0-765e0e4371f7}</UniqueIdentifier>
    </Filter>
    <Filter Include="02.GameObject\01.Unit\02.Monster">
      <UniqueIdentifier>{a3517ad2-d76e-4542-8f79-0e908dd136ce}</UniqueIdentifier>
    </Filter>
    <Filter Include="02.GameObject\01.Unit\02.Monster\00.Em100">
      <UniqueIdentifier>{37362b12-a76f-4d83-be8b-b416dcef8771}</UniqueIdentifier>
    </Filter>
    <Filter Include="02.GameObject\01.Unit\02.Monster\00.Em100\00.Hand">
      <UniqueIdentifier>{3848d087-87ec-4bc2-8f96-dedbfe780217}</UniqueIdentifier>
    </Filter>
    <Filter Include="02.GameObject\01.Unit\02.Monster\02.Em0000">
      <UniqueIdentifier>{713e754a-60d1-45f6-8821-e4e8ea31c584}</UniqueIdentifier>
    </Filter>
    <Filter Include="02.GameObject\01.Unit\02.Monster\02.Em0000\Weapon">
      <UniqueIdentifier>{c02369c1-af29-46dd-852c-dedcb84e3a5e}</UniqueIdentifier>
    </Filter>
    <Filter Include="02.GameObject\01.Unit\02.Monster\03.Em5000">
      <UniqueIdentifier>{a76a460f-8b96-4594-aebb-ce10380608c8}</UniqueIdentifier>
    </Filter>
    <Filter Include="02.GameObject\01.Unit\02.Monster\03.Em5000\Car">
      <UniqueIdentifier>{f7e815fa-94c1-43a1-8a89-e80638e252dc}</UniqueIdentifier>
    </Filter>
    <Filter Include="02.GameObject\01.Unit\02.Monster\03.Em5000\00.HAND">
      <UniqueIdentifier>{948b5e51-6edb-4043-a730-b86913ec6f1a}</UniqueIdentifier>
    </Filter>
    <Filter Include="02.GameObject\02.MapObject">
      <UniqueIdentifier>{177763a5-206d-447e-bfa8-d1f6afd3a203}</UniqueIdentifier>
    </Filter>
    <Filter Include="02.GameObject\01.Unit\01.Player\07.Gauntlet\01.GT_Rockman">
      <UniqueIdentifier>{43b66900-3306-43ca-83c8-cf95d79228be}</UniqueIdentifier>
    </Filter>
    <Filter Include="02.GameObject\Effect\Liquid">
      <UniqueIdentifier>{b7667868-436c-417f-b44f-5022f169be9a}</UniqueIdentifier>
    </Filter>
    <Filter Include="02.GameObject\Effect\Monster">
      <UniqueIdentifier>{08b14e90-60c4-4cb0-8629-b42ca265ee62}</UniqueIdentifier>
    </Filter>
    <Filter Include="02.GameObject\99.MainCamera">
      <UniqueIdentifier>{2bca4428-2e97-442e-8dc9-ce5d306b6452}</UniqueIdentifier>
    </Filter>
    <Filter Include="02.GameObject\01.Unit\02.Monster\04.Em1000">
      <UniqueIdentifier>{17cd0331-10a7-4ab5-95c6-f99402feed08}</UniqueIdentifier>
    </Filter>
    <Filter Include="02.GameObject\01.Unit\02.Monster\04.Em1000\00.Hand">
      <UniqueIdentifier>{aec58016-38ed-47ff-950f-4e09465e4d83}</UniqueIdentifier>
    </Filter>
    <Filter Include="02.GameObject\Effect\HLSL">
      <UniqueIdentifier>{6b562c3b-480a-4fac-9529-c5c32a8a1bda}</UniqueIdentifier>
    </Filter>
    <Filter Include="02.GameObject\01.Unit\02.Monster\01.Em200">
      <UniqueIdentifier>{7bc9598d-78ac-4f39-b931-83b51179adf3}</UniqueIdentifier>
    </Filter>
    <Filter Include="02.GameObject\01.Unit\02.Monster\01.Em200\00.Hand">
      <UniqueIdentifier>{40f58fc8-669a-4317-8223-c57f12e0cb60}</UniqueIdentifier>
    </Filter>
    <Filter Include="02.GameObject\01.Unit\02.Monster\05.Em5300">
      <UniqueIdentifier>{23e32db9-0a9f-4310-8475-f20a0fcb6eb9}</UniqueIdentifier>
    </Filter>
    <Filter Include="02.GameObject\01.Unit\02.Monster\05.Em5300\00.Zako">
      <UniqueIdentifier>{d0171c98-637c-432c-bc84-1b5ce8a1deab}</UniqueIdentifier>
    </Filter>
    <Filter Include="02.GameObject\01.Unit\02.Monster\05.Em5300\01.Rush">
      <UniqueIdentifier>{15603b03-2209-4816-8c71-1734e0e63408}</UniqueIdentifier>
    </Filter>
    <Filter Include="02.GameObject\01.Unit\02.Monster\05.Em5300\02.Missile">
      <UniqueIdentifier>{a85dc6bf-5b15-43c2-9b20-a11eff265365}</UniqueIdentifier>
    </Filter>
    <Filter Include="02.GameObject\01.Unit\02.Monster\05.Em5300\03.Rain">
      <UniqueIdentifier>{6656c183-0125-4959-81d9-39d99a9fd3c7}</UniqueIdentifier>
    </Filter>
    <Filter Include="02.GameObject\01.Unit\02.Monster\05.Em5300\04.Homing">
      <UniqueIdentifier>{ae8e25f1-06da-4841-ab2e-6eee047285ca}</UniqueIdentifier>
    </Filter>
    <Filter Include="02.GameObject\Effect\Stone">
      <UniqueIdentifier>{bd5c7449-3e0b-4e89-ba48-858fc9d8b626}</UniqueIdentifier>
    </Filter>
    <Filter Include="03.Scene\00.Logo">
      <UniqueIdentifier>{a8164007-a5f1-4690-a4bf-c5c70f429ec6}</UniqueIdentifier>
    </Filter>
    <Filter Include="03.Scene\01.Title">
      <UniqueIdentifier>{39652d87-8e4a-48e1-b1b4-a84250cad958}</UniqueIdentifier>
    </Filter>
    <Filter Include="02.GameObject\UI\Misc">
      <UniqueIdentifier>{e47f0001-a56a-4b6f-a6ce-f285c618963f}</UniqueIdentifier>
    </Filter>
  </ItemGroup>
  <ItemGroup>
    <ClInclude Include="framework.h">
      <Filter>99.Default\02.Header</Filter>
    </ClInclude>
    <ClInclude Include="Resource.h">
      <Filter>99.Default\02.Header</Filter>
    </ClInclude>
    <ClInclude Include="targetver.h">
      <Filter>99.Default\02.Header</Filter>
    </ClInclude>
    <ClInclude Include="Client.h">
      <Filter>00.WinMain</Filter>
    </ClInclude>
    <ClInclude Include="..\Header\Application.h">
      <Filter>01.Application</Filter>
    </ClInclude>
    <ClInclude Include="stdafx.h">
      <Filter>99.Default\02.Header</Filter>
    </ClInclude>
    <ClInclude Include="..\Header\TestScene.h">
      <Filter>03.Scene\99.TestScene</Filter>
    </ClInclude>
    <ClInclude Include="..\Header\TestAnimationObject.h">
      <Filter>02.GameObject\Test</Filter>
    </ClInclude>
    <ClInclude Include="..\Header\Camera.h">
      <Filter>02.GameObject\00.Camera</Filter>
    </ClInclude>
    <ClInclude Include="..\Header\OvertureHand.h">
      <Filter>02.GameObject\Effect\Weapon</Filter>
    </ClInclude>
    <ClInclude Include="..\Header\Glint.h">
      <Filter>02.GameObject\Effect\Common</Filter>
    </ClInclude>
    <ClInclude Include="..\Header\BtlPanel.h">
      <Filter>02.GameObject\UI\BtlPanel</Filter>
    </ClInclude>
    <ClInclude Include="..\Header\Effect.h">
      <Filter>02.GameObject\Effect</Filter>
    </ClInclude>
    <ClInclude Include="..\Header\Monster.h">
      <Filter>02.GameObject\01.Unit\02.Monster</Filter>
    </ClInclude>
    <ClInclude Include="..\Header\Em100.h">
      <Filter>02.GameObject\01.Unit\02.Monster\00.Em100</Filter>
    </ClInclude>
    <ClInclude Include="..\Header\Em0000.h">
      <Filter>02.GameObject\01.Unit\02.Monster\02.Em0000</Filter>
    </ClInclude>
    <ClInclude Include="..\Header\Em0000_Weapon.h">
      <Filter>02.GameObject\01.Unit\02.Monster\02.Em0000\Weapon</Filter>
    </ClInclude>
    <ClInclude Include="..\Header\Em5000.h">
      <Filter>02.GameObject\01.Unit\02.Monster\03.Em5000</Filter>
    </ClInclude>
    <ClInclude Include="..\Header\Car.h">
      <Filter>02.GameObject\01.Unit\02.Monster\03.Em5000\Car</Filter>
    </ClInclude>
    <ClInclude Include="..\Header\DashImpact.h" />
    <ClInclude Include="..\Header\TestObject.h">
      <Filter>02.GameObject\Test</Filter>
    </ClInclude>
    <ClInclude Include="..\Header\DashImpact.h" />
    <ClInclude Include="..\Header\Buster_Arm.h">
      <Filter>02.GameObject\01.Unit\01.Player\04.BusterArm</Filter>
    </ClInclude>
    <ClInclude Include="..\Header\FSMBase.h">
      <Filter>02.GameObject\01.Unit\01.Player\99.FSM\Base</Filter>
    </ClInclude>
    <ClInclude Include="..\Header\FSMState.h">
      <Filter>02.GameObject\01.Unit\01.Player\99.FSM\Base</Filter>
    </ClInclude>
    <ClInclude Include="..\Header\Nero.h">
      <Filter>02.GameObject\01.Unit\01.Player\00.Nero</Filter>
    </ClInclude>
    <ClInclude Include="..\Header\NeroState.h">
      <Filter>02.GameObject\01.Unit\01.Player\99.FSM</Filter>
    </ClInclude>
    <ClInclude Include="..\Header\RedQueen.h">
      <Filter>02.GameObject\01.Unit\01.Player\05.RedQueen</Filter>
    </ClInclude>
    <ClInclude Include="..\Header\Wire_Arm.h">
      <Filter>02.GameObject\01.Unit\01.Player\03.WireArm</Filter>
    </ClInclude>
    <ClInclude Include="..\Header\Nero_LWing.h">
      <Filter>02.GameObject\01.Unit\01.Player\01.Wings\Left</Filter>
    </ClInclude>
    <ClInclude Include="..\Header\Nero_RWing.h">
      <Filter>02.GameObject\01.Unit\01.Player\01.Wings\Right</Filter>
    </ClInclude>
    <ClInclude Include="..\Header\WIngArm_Left.h">
      <Filter>02.GameObject\01.Unit\01.Player\02.WingArms\Left</Filter>
    </ClInclude>
    <ClInclude Include="..\Header\WingArm_Right.h">
      <Filter>02.GameObject\01.Unit\01.Player\02.WingArms\Right</Filter>
    </ClInclude>
    <ClInclude Include="..\Header\DashImpact.h">
      <Filter>02.GameObject\Effect\Common</Filter>
    </ClInclude>
    <ClInclude Include="..\Header\Em100Hand.h">
      <Filter>02.GameObject\01.Unit\02.Monster\00.Em100\00.Hand</Filter>
    </ClInclude>
    <ClInclude Include="..\Header\Em5000Hand.h">
      <Filter>02.GameObject\01.Unit\02.Monster\03.Em5000\00.HAND</Filter>
    </ClInclude>
    <ClInclude Include="..\Header\Gauntlet.h">
      <Filter>02.GameObject\01.Unit\01.Player\07.Gauntlet</Filter>
    </ClInclude>
    <ClInclude Include="..\Header\GT_Overture.h">
      <Filter>02.GameObject\01.Unit\01.Player\07.Gauntlet\00.GT_Overture</Filter>
    </ClInclude>
    <ClInclude Include="..\Header\Unit.h">
      <Filter>02.GameObject\01.Unit</Filter>
    </ClInclude>
    <ClInclude Include="..\Header\MapObject.h">
      <Filter>02.GameObject\02.MapObject</Filter>
    </ClInclude>
    <ClInclude Include="..\Header\AppearGroundMonster.h">
      <Filter>02.GameObject\Effect\Monster</Filter>
    </ClInclude>
    <ClInclude Include="..\Header\Liquid.h">
      <Filter>02.GameObject\Effect\Liquid</Filter>
    </ClInclude>
    <ClInclude Include="..\Header\Smoke.h">
      <Filter>02.GameObject\Effect\Common</Filter>
    </ClInclude>
    <ClInclude Include="..\Header\MainCamera.h">
      <Filter>02.GameObject\99.MainCamera</Filter>
    </ClInclude>
    <ClInclude Include="..\Header\GT_Rockman.h">
      <Filter>02.GameObject\01.Unit\01.Player\07.Gauntlet\01.GT_Rockman</Filter>
    </ClInclude>
    <ClInclude Include="..\Header\TempMap.h">
      <Filter>02.GameObject\02.MapObject</Filter>
    </ClInclude>
    <ClInclude Include="..\Header\NeroFSM.h">
      <Filter>02.GameObject\01.Unit\01.Player\99.FSM</Filter>
    </ClInclude>
    <ClInclude Include="..\Header\QliphothBlock.h">
      <Filter>02.GameObject\Effect\Monster</Filter>
    </ClInclude>
    <ClInclude Include="..\Header\Em1000.h">
      <Filter>02.GameObject\01.Unit\02.Monster\04.Em1000</Filter>
    </ClInclude>
    <ClInclude Include="..\Header\Em1000Hand.h">
      <Filter>02.GameObject\01.Unit\02.Monster\04.Em1000\00.Hand</Filter>
    </ClInclude>
    <ClInclude Include="..\Header\Wire_Arm_Grab.h">
      <Filter>02.GameObject\01.Unit\01.Player\03.WireArm</Filter>
    </ClInclude>
    <ClInclude Include="..\..\Resource\Shader\Effect\AppearGroundMonster.hlsl">
      <Filter>02.GameObject\Effect\HLSL</Filter>
    </ClInclude>
    <ClInclude Include="..\..\Resource\Shader\Effect\DashImpact.hlsl">
      <Filter>02.GameObject\Effect\HLSL</Filter>
    </ClInclude>
    <ClInclude Include="..\..\Resource\Shader\Effect\GBufferEffect.hlsl">
      <Filter>02.GameObject\Effect\HLSL</Filter>
    </ClInclude>
    <ClInclude Include="..\..\Resource\Shader\Effect\NeroWingSK.hlsl">
      <Filter>02.GameObject\Effect\HLSL</Filter>
    </ClInclude>
    <ClInclude Include="..\..\Resource\Shader\Effect\OvertureHand.hlsl">
      <Filter>02.GameObject\Effect\HLSL</Filter>
    </ClInclude>
    <ClInclude Include="..\..\Resource\Shader\Effect\QliphothBlock.hlsl">
      <Filter>02.GameObject\Effect\HLSL</Filter>
    </ClInclude>
    <ClInclude Include="..\..\Resource\Shader\Effect\Sprite.hlsl">
      <Filter>02.GameObject\Effect\HLSL</Filter>
    </ClInclude>
    <ClInclude Include="..\..\Resource\Shader\UI\BtlPanel.hlsl">
      <Filter>02.GameObject\UI\BtlPanel</Filter>
    </ClInclude>
    <ClInclude Include="..\Header\Em200.h">
      <Filter>02.GameObject\01.Unit\02.Monster\01.Em200</Filter>
    </ClInclude>
    <ClInclude Include="..\Header\Em200Hand.h">
      <Filter>02.GameObject\01.Unit\02.Monster\01.Em200\00.Hand</Filter>
    </ClInclude>
    <ClInclude Include="..\Header\Em5300Rush.h">
      <Filter>02.GameObject\01.Unit\02.Monster\05.Em5300\01.Rush</Filter>
    </ClInclude>
    <ClInclude Include="..\Header\Em5300.h">
      <Filter>02.GameObject\01.Unit\02.Monster\05.Em5300</Filter>
    </ClInclude>
    <ClInclude Include="..\Header\Em5300Missile.h">
      <Filter>02.GameObject\01.Unit\02.Monster\05.Em5300\02.Missile</Filter>
    </ClInclude>
    <ClInclude Include="..\Header\Em5300Rain.h">
      <Filter>02.GameObject\01.Unit\02.Monster\05.Em5300\03.Rain</Filter>
    </ClInclude>
    <ClInclude Include="..\Header\Em5300Homing.h">
      <Filter>02.GameObject\01.Unit\02.Monster\05.Em5300\04.Homing</Filter>
    </ClInclude>
    <ClInclude Include="..\Header\StoneDebrisMulti.h">
      <Filter>02.GameObject\Effect\Stone</Filter>
    </ClInclude>
    <ClInclude Include="..\Header\AppearEm1000.h">
      <Filter>02.GameObject\Effect\Monster</Filter>
    </ClInclude>
    <ClInclude Include="..\Header\StoneDebris.h">
      <Filter>02.GameObject\Effect\Stone</Filter>
    </ClInclude>
    <ClInclude Include="..\Header\ShapeParticle.h">
      <Filter>02.GameObject\Effect\Common</Filter>
    </ClInclude>
    <ClInclude Include="..\Header\Buster_Arm_Left.h">
      <Filter>02.GameObject\01.Unit\01.Player\04.BusterArm</Filter>
    </ClInclude>
    <ClInclude Include="..\Header\Cbs_Long.h">
      <Filter>02.GameObject\01.Unit\01.Player\06.Cerberos</Filter>
    </ClInclude>
    <ClInclude Include="..\Header\Cbs_Middle.h">
      <Filter>02.GameObject\01.Unit\01.Player\06.Cerberos</Filter>
    </ClInclude>
    <ClInclude Include="..\Header\Cbs_Short.h">
      <Filter>02.GameObject\01.Unit\01.Player\06.Cerberos</Filter>
    </ClInclude>
    <ClInclude Include="..\Header\AirHike.h">
      <Filter>02.GameObject\Effect\Common</Filter>
    </ClInclude>
    <ClInclude Include="..\Header\CircleWave.h">
      <Filter>02.GameObject\Effect\Common</Filter>
    </ClInclude>
    <ClInclude Include="..\Header\Trail.h">
      <Filter>02.GameObject\Effect\Common</Filter>
    </ClInclude>
    <ClInclude Include="..\Header\WingSword.h" />
    <ClInclude Include="..\Header\WingSword1st.h" />
    <ClInclude Include="..\Header\WingSword2nd.h" />
    <ClInclude Include="..\Header\WingSword3rd.h" />
    <ClInclude Include="..\Header\WingSword4th.h" />
    <ClInclude Include="..\Header\DashTrail.h">
      <Filter>02.GameObject\Effect\Common</Filter>
    </ClInclude>
    <ClInclude Include="..\Header\FireCircle.h">
      <Filter>02.GameObject\Effect\Common</Filter>
    </ClInclude>
    <ClInclude Include="..\Header\IceAge.h">
      <Filter>02.GameObject\Effect\Common</Filter>
    </ClInclude>
    <ClInclude Include="..\Header\SpriteEffect.h">
      <Filter>02.GameObject\Effect\Common</Filter>
    </ClInclude>
    <ClInclude Include="..\Header\Font.h">
      <Filter>02.GameObject\UI\Font</Filter>
    </ClInclude>
    <ClInclude Include="..\..\Resource\Shader\UI\Font.hlsl">
      <Filter>02.GameObject\UI\Font</Filter>
    </ClInclude>
    <ClInclude Include="..\..\Resource\Shader\Effect\NeroWingArmSK.hlsl">
      <Filter>02.GameObject\Effect\HLSL</Filter>
    </ClInclude>
    <ClInclude Include="..\Header\CbsTrail.h">
      <Filter>02.GameObject\Effect\Common</Filter>
    </ClInclude>
    <ClInclude Include="..\Header\ElectricOccur.h" />
    <ClInclude Include="..\Header\LogoScene.h">
      <Filter>03.Scene\00.Logo</Filter>
    </ClInclude>
    <ClInclude Include="..\Header\TitlePanel.h">
      <Filter>02.GameObject\UI\Misc</Filter>
    </ClInclude>
    <ClInclude Include="..\..\Resource\Shader\UI\TitlePanel.hlsl">
      <Filter>02.GameObject\UI\Misc</Filter>
    </ClInclude>
    <ClInclude Include="..\Header\LogoPanel.h">
      <Filter>02.GameObject\UI\Misc</Filter>
    </ClInclude>
    <ClInclude Include="..\..\Resource\Shader\UI\LogoPanel.hlsl">
      <Filter>02.GameObject\UI\Misc</Filter>
    </ClInclude>
    <ClInclude Include="..\Header\TitleScene.h">
      <Filter>03.Scene\01.Title</Filter>
    </ClInclude>
    <ClInclude Include="..\Header\JudgementShadow1.h" />
    <ClInclude Include="..\Header\JudgementShadow2.h" />
    <ClInclude Include="..\Header\JudgementShadow3.h" />
    <ClInclude Include="..\Header\JudgementSword.h" />
    <ClInclude Include="..\Header\NewWingSword.h" />
  </ItemGroup>
  <ItemGroup>
    <Image Include="small.ico">
      <Filter>99.Default\00.Resource</Filter>
    </Image>
    <Image Include="Client.ico">
      <Filter>99.Default\00.Resource</Filter>
    </Image>
  </ItemGroup>
  <ItemGroup>
    <ResourceCompile Include="Client.rc">
      <Filter>99.Default\00.Resource</Filter>
    </ResourceCompile>
  </ItemGroup>
  <ItemGroup>
    <ClCompile Include="Client.cpp">
      <Filter>00.WinMain</Filter>
    </ClCompile>
    <ClCompile Include="..\Source\Application.cpp">
      <Filter>01.Application</Filter>
    </ClCompile>
    <ClCompile Include="stdafx.cpp">
      <Filter>99.Default\01.Source</Filter>
    </ClCompile>
    <ClCompile Include="..\Source\TestScene.cpp">
      <Filter>03.Scene\99.TestScene</Filter>
    </ClCompile>
    <ClCompile Include="..\Source\TestAnimationObject.cpp">
      <Filter>02.GameObject\Test</Filter>
    </ClCompile>
    <ClCompile Include="..\Source\TestObject.cpp">
      <Filter>02.GameObject\Test</Filter>
    </ClCompile>
    <ClCompile Include="..\Source\Camera.cpp">
      <Filter>02.GameObject\00.Camera</Filter>
    </ClCompile>
    <ClCompile Include="..\Source\OvertureHand.cpp">
      <Filter>02.GameObject\Effect\Weapon</Filter>
    </ClCompile>
    <ClCompile Include="..\Source\BtlPanel.cpp">
      <Filter>02.GameObject\UI\BtlPanel</Filter>
    </ClCompile>
    <ClCompile Include="..\Source\Glint.cpp">
      <Filter>02.GameObject\Effect\Common</Filter>
    </ClCompile>
    <ClCompile Include="..\Source\Effect.cpp">
      <Filter>02.GameObject\Effect</Filter>
    </ClCompile>
    <ClCompile Include="..\Source\Em100.cpp">
      <Filter>02.GameObject\01.Unit\02.Monster\00.Em100</Filter>
    </ClCompile>
    <ClCompile Include="..\Source\Monster.cpp">
      <Filter>02.GameObject\01.Unit\02.Monster</Filter>
    </ClCompile>
    <ClCompile Include="..\Source\Em0000.cpp">
      <Filter>02.GameObject\01.Unit\02.Monster\02.Em0000</Filter>
    </ClCompile>
    <ClCompile Include="..\Source\Em0000_Weapon.cpp">
      <Filter>02.GameObject\01.Unit\02.Monster\02.Em0000\Weapon</Filter>
    </ClCompile>
    <ClCompile Include="..\Source\Em5000.cpp">
      <Filter>02.GameObject\01.Unit\02.Monster\03.Em5000</Filter>
    </ClCompile>
    <ClCompile Include="..\Source\Car.cpp">
      <Filter>02.GameObject\01.Unit\02.Monster\03.Em5000\Car</Filter>
    </ClCompile>
    <ClCompile Include="..\Source\RedQueen.cpp" />
    <ClCompile Include="..\Source\Nero_LWing.cpp" />
    <ClCompile Include="..\Source\Nero_RWing.cpp" />
    <ClCompile Include="..\Source\Wire_Arm.cpp" />
    <ClCompile Include="..\Source\Buster_Arm.cpp" />
    <ClCompile Include="..\Source\FSMBase.cpp" />
    <ClCompile Include="..\Source\FSMState.cpp" />
    <ClCompile Include="..\Source\NeroState.cpp" />
    <ClCompile Include="..\Source\TempMap.cpp" />
    <ClCompile Include="..\Source\Buster_Arm.cpp">
      <Filter>02.GameObject\01.Player\04.BusterArm</Filter>
    </ClCompile>
    <ClCompile Include="..\Source\FSMBase.cpp">
      <Filter>02.GameObject\01.Player\99.FSM\Base</Filter>
    </ClCompile>
    <ClCompile Include="..\Source\FSMState.cpp">
      <Filter>02.GameObject\01.Player\99.FSM\Base</Filter>
    </ClCompile>
    <ClCompile Include="..\Source\NeroState.cpp">
      <Filter>02.GameObject\01.Player\99.FSM</Filter>
    </ClCompile>
    <ClCompile Include="..\Source\RedQueen.cpp">
      <Filter>02.GameObject\01.Player\05.RedQueen</Filter>
    </ClCompile>
    <ClCompile Include="..\Source\Wire_Arm.cpp">
      <Filter>02.GameObject\01.Player\03.WireArm</Filter>
    </ClCompile>
    <ClCompile Include="..\Source\Nero_LWing.cpp">
      <Filter>02.GameObject\01.Player\01.Wings\Left</Filter>
    </ClCompile>
    <ClCompile Include="..\Source\Nero_RWing.cpp">
      <Filter>02.GameObject\01.Player\01.Wings\Right</Filter>
    </ClCompile>
    <ClCompile Include="..\Source\WIngArm_Left.cpp">
      <Filter>02.GameObject\01.Unit\01.Player\02.WingArms\Left</Filter>
    </ClCompile>
    <ClCompile Include="..\Source\WingArm_Right.cpp">
      <Filter>02.GameObject\01.Unit\01.Player\02.WingArms\Right</Filter>
    </ClCompile>
    <ClCompile Include="..\Source\Liquid.cpp">
      <Filter>02.GameObject\Effect\Liquid</Filter>
    </ClCompile>
    <ClCompile Include="..\Source\Em5000Hand.cpp">
      <Filter>02.GameObject\01.Unit\02.Monster\03.Em5000\00.HAND</Filter>
    </ClCompile>
    <ClCompile Include="..\Source\Em100Hand.cpp">
      <Filter>02.GameObject\01.Unit\02.Monster\00.Em100\00.Hand</Filter>
    </ClCompile>
    <ClCompile Include="..\Source\Gauntlet.cpp">
      <Filter>02.GameObject\01.Unit\01.Player\07.Gauntlet</Filter>
    </ClCompile>
    <ClCompile Include="..\Source\GT_Overture.cpp">
      <Filter>02.GameObject\01.Unit\01.Player\07.Gauntlet\00.GT_Overture</Filter>
    </ClCompile>
    <ClCompile Include="..\Source\Unit.cpp">
      <Filter>02.GameObject\01.Unit</Filter>
    </ClCompile>
    <ClCompile Include="..\Source\MapObject.cpp">
      <Filter>02.GameObject\02.MapObject</Filter>
    </ClCompile>
    <ClCompile Include="..\Source\AppearGroundMonster.cpp">
      <Filter>02.GameObject\Effect\Monster</Filter>
    </ClCompile>
    <ClCompile Include="..\Source\Smoke.cpp">
      <Filter>02.GameObject\Effect\Common</Filter>
    </ClCompile>
    <ClCompile Include="..\Source\MainCamera.cpp">
      <Filter>02.GameObject\99.MainCamera</Filter>
    </ClCompile>
    <ClCompile Include="..\Source\GT_Rockman.cpp">
      <Filter>02.GameObject\01.Unit\01.Player\07.Gauntlet\01.GT_Rockman</Filter>
    </ClCompile>
    <ClCompile Include="..\Source\TempMap.cpp">
      <Filter>02.GameObject\02.MapObject</Filter>
    </ClCompile>
    <ClCompile Include="..\Source\Buster_Arm.cpp" />
    <ClCompile Include="..\Source\FSMBase.cpp" />
    <ClCompile Include="..\Source\FSMState.cpp" />
    <ClCompile Include="..\Source\NeroState.cpp" />
    <ClCompile Include="..\Source\Nero_LWing.cpp" />
    <ClCompile Include="..\Source\Nero_RWing.cpp" />
    <ClCompile Include="..\Source\RedQueen.cpp" />
    <ClCompile Include="..\Source\Wire_Arm.cpp" />
    <ClCompile Include="..\Source\Nero.cpp">
      <Filter>02.GameObject\01.Unit\01.Player\00.Nero</Filter>
    </ClCompile>
    <ClCompile Include="..\Source\Nero.cpp" />
    <ClCompile Include="..\Source\Nero.cpp">
      <Filter>02.GameObject\01.Unit\01.Player\00.Nero</Filter>
    </ClCompile>
    <ClCompile Include="..\Source\NeroFSM.cpp" />
    <ClCompile Include="..\Source\QliphothBlock.cpp">
      <Filter>02.GameObject\Effect\Monster</Filter>
    </ClCompile>
    <ClCompile Include="..\Source\Em1000.cpp">
      <Filter>02.GameObject\01.Unit\02.Monster\04.Em1000</Filter>
    </ClCompile>
    <ClCompile Include="..\Source\Em1000Hand.cpp">
      <Filter>02.GameObject\01.Unit\02.Monster\04.Em1000\00.Hand</Filter>
    </ClCompile>
    <ClCompile Include="..\Source\Wire_Arm_Grab.cpp">
      <Filter>02.GameObject\01.Unit\01.Player\03.WireArm</Filter>
    </ClCompile>
    <ClCompile Include="..\Source\NeroFSM.cpp">
      <Filter>02.GameObject\01.Unit\01.Player\99.FSM</Filter>
    </ClCompile>
    <ClCompile Include="..\Source\Em200.cpp">
      <Filter>02.GameObject\01.Unit\02.Monster\01.Em200</Filter>
    </ClCompile>
    <ClCompile Include="..\Source\Em200Hand.cpp">
      <Filter>02.GameObject\01.Unit\02.Monster\01.Em200\00.Hand</Filter>
    </ClCompile>
    <ClCompile Include="..\Source\Em5300Rush.cpp">
      <Filter>02.GameObject\01.Unit\02.Monster\05.Em5300\01.Rush</Filter>
    </ClCompile>
    <ClCompile Include="..\Source\Em5300.cpp">
      <Filter>02.GameObject\01.Unit\02.Monster\05.Em5300</Filter>
    </ClCompile>
    <ClCompile Include="..\Source\Em5300Missile.cpp">
      <Filter>02.GameObject\01.Unit\02.Monster\05.Em5300\02.Missile</Filter>
    </ClCompile>
    <ClCompile Include="..\Source\Em5300Rain.cpp">
      <Filter>02.GameObject\01.Unit\02.Monster\05.Em5300\03.Rain</Filter>
    </ClCompile>
    <ClCompile Include="..\Source\Em5300Homing.cpp">
      <Filter>02.GameObject\01.Unit\02.Monster\05.Em5300\04.Homing</Filter>
    </ClCompile>
    <ClCompile Include="..\Source\StoneDebrisMulti.cpp">
      <Filter>02.GameObject\Effect\Stone</Filter>
    </ClCompile>
    <ClCompile Include="..\Source\AppearEm1000.cpp">
      <Filter>02.GameObject\Effect\Monster</Filter>
    </ClCompile>
    <ClCompile Include="..\Source\StoneDebris.cpp">
      <Filter>02.GameObject\Effect\Stone</Filter>
    </ClCompile>
    <ClCompile Include="..\Source\ShapeParticle.cpp">
      <Filter>02.GameObject\Effect\Common</Filter>
    </ClCompile>
    <ClCompile Include="..\Source\Buster_Arm_Left.cpp">
      <Filter>02.GameObject\01.Unit\01.Player\04.BusterArm</Filter>
    </ClCompile>
    <ClCompile Include="..\Source\Cbs_Long.cpp">
      <Filter>02.GameObject\01.Unit\01.Player\06.Cerberos</Filter>
    </ClCompile>
    <ClCompile Include="..\Source\Cbs_Middle.cpp">
      <Filter>02.GameObject\01.Unit\01.Player\06.Cerberos</Filter>
    </ClCompile>
    <ClCompile Include="..\Source\Cbs_Short.cpp">
      <Filter>02.GameObject\01.Unit\01.Player\06.Cerberos</Filter>
    </ClCompile>
    <ClCompile Include="..\Source\AirHike.cpp">
      <Filter>02.GameObject\Effect\Common</Filter>
    </ClCompile>
    <ClCompile Include="..\Source\CircleWave.cpp">
      <Filter>02.GameObject\Effect\Common</Filter>
    </ClCompile>
    <ClCompile Include="..\Source\Trail.cpp">
      <Filter>02.GameObject\Effect\Common</Filter>
    </ClCompile>
    <ClCompile Include="..\Source\NeroFSM.cpp">
      <Filter>02.GameObject\01.Unit\01.Player\99.FSM</Filter>
    </ClCompile>
    <ClCompile Include="..\Source\WingSword.cpp" />
    <ClCompile Include="..\Source\WingSword1st.cpp" />
    <ClCompile Include="..\Source\WingSword2nd.cpp" />
    <ClCompile Include="..\Source\WingSword3rd.cpp" />
    <ClCompile Include="..\Source\WingSword4th.cpp" />
    <ClCompile Include="..\Source\FireCircle.cpp">
      <Filter>02.GameObject\Effect\Common</Filter>
    </ClCompile>
    <ClCompile Include="..\Source\IceAge.cpp">
      <Filter>02.GameObject\Effect\Common</Filter>
    </ClCompile>
    <ClCompile Include="..\Source\SpriteEffect.cpp">
      <Filter>02.GameObject\Effect\Common</Filter>
    </ClCompile>
    <ClCompile Include="..\Source\DashTrail.cpp">
      <Filter>02.GameObject\Effect\Common</Filter>
    </ClCompile>
    <ClCompile Include="..\Source\Font.cpp">
      <Filter>02.GameObject\UI\Font</Filter>
    </ClCompile>
    <ClCompile Include="..\Source\CbsTrail.cpp">
      <Filter>02.GameObject\Effect\Common</Filter>
    </ClCompile>
    <ClCompile Include="..\Source\ElectricOccur.cpp" />
    <ClCompile Include="..\Source\LogoScene.cpp">
      <Filter>03.Scene\00.Logo</Filter>
    </ClCompile>
    <ClCompile Include="..\Source\TitlePanel.cpp">
      <Filter>02.GameObject\UI\Misc</Filter>
    </ClCompile>
    <ClCompile Include="..\Source\LogoPanel.cpp">
      <Filter>02.GameObject\UI\Misc</Filter>
    </ClCompile>
    <ClCompile Include="..\Source\TitleScene.cpp">
      <Filter>03.Scene\01.Title</Filter>
    </ClCompile>
    <ClCompile Include="..\Source\JudgementShadow1.cpp" />
    <ClCompile Include="..\Source\JudgementShadow2.cpp" />
    <ClCompile Include="..\Source\JudgementShadow3.cpp" />
    <ClCompile Include="..\Source\JudgementSword.cpp" />
    <ClCompile Include="..\Source\NewWingSword.cpp" />
  </ItemGroup>
  <ItemGroup>
    <ClCompile Include="..\Source\Buster_Arm.cpp">
      <Filter>02.GameObject\01.Unit\01.Player\04.BusterArm</Filter>
    </ClCompile>
    <ClCompile Include="..\Source\FSMBase.cpp">
      <Filter>02.GameObject\01.Unit\01.Player\99.FSM\Base</Filter>
    </ClCompile>
    <ClCompile Include="..\Source\FSMState.cpp">
      <Filter>02.GameObject\01.Unit\01.Player\99.FSM\Base</Filter>
    </ClCompile>
    <ClCompile Include="..\Source\Nero_LWing.cpp">
      <Filter>02.GameObject\01.Unit\01.Player\01.Wings\Left</Filter>
    </ClCompile>
    <ClCompile Include="..\Source\Nero_RWing.cpp">
      <Filter>02.GameObject\01.Unit\01.Player\01.Wings\Right</Filter>
    </ClCompile>
    <ClCompile Include="..\Source\NeroFSM.cpp">
      <Filter>02.GameObject\01.Unit\01.Player\99.FSM\Base</Filter>
    </ClCompile>
    <ClCompile Include="..\Source\NeroState.cpp">
      <Filter>02.GameObject\01.Unit\01.Player\99.FSM</Filter>
    </ClCompile>
    <ClCompile Include="..\Source\Wire_Arm.cpp">
      <Filter>02.GameObject\01.Unit\01.Player\03.WireArm</Filter>
    </ClCompile>
    <ClCompile Include="..\Source\RedQueen.cpp">
      <Filter>02.GameObject\01.Unit\01.Player\05.RedQueen</Filter>
    </ClCompile>
  </ItemGroup>
  <ItemGroup>
    <None Include="..\..\Resource\Shader\Effect\Glint.hlsl">
      <Filter>02.GameObject\Effect\HLSL</Filter>
    </None>
    <None Include="..\..\Resource\Shader\Effect\WaveCircle.hlsl">
      <Filter>02.GameObject\Effect\HLSL</Filter>
    </None>
    <None Include="..\..\Resource\Shader\Effect\AirHike.hlsl">
      <Filter>02.GameObject\Effect\HLSL</Filter>
    </None>
    <None Include="..\..\Resource\Shader\Effect\FireCircle.hlsl">
      <Filter>02.GameObject\Effect\Common</Filter>
    </None>
    <None Include="..\..\Resource\Shader\Effect\IceParticle.hlsl">
      <Filter>02.GameObject\Effect\HLSL</Filter>
    </None>
    <None Include="..\..\Resource\Shader\Effect\IceAge.hlsl">
      <Filter>02.GameObject\Effect\HLSL</Filter>
    </None>
    <None Include="..\..\Resource\Shader\Effect\DashTrail.hlsl">
      <Filter>02.GameObject\Effect\HLSL</Filter>
    </None>
    <None Include="..\..\Resource\Shader\Effect\Trail.hlsl">
      <Filter>02.GameObject\Effect\HLSL</Filter>
    </None>
    <None Include="..\..\Resource\Shader\Effect\SpriteEffect.hlsl">
      <Filter>02.GameObject\Effect\HLSL</Filter>
    </None>
    <None Include="..\..\Resource\Shader\Effect\FireParticle.hlsl" />
    <None Include="..\..\Resource\Shader\Effect\CbsTrail.hlsl">
      <Filter>02.GameObject\Effect\HLSL</Filter>
    </None>
    <None Include="..\..\Resource\Shader\Effect\ElectricOccur.hlsl" />
    <None Include="..\..\Resource\Shader\Effect\ElectricParticle.hlsl" />
  </ItemGroup>
  <ItemGroup>
    <Text Include="..\..\Resource\EffectData\ExplosionEnd.txt" />
  </ItemGroup>
</Project>